<Solution>
  <Project Path="BacktestRunner/BacktestRunner.csproj" />
  <Project Path="StructuralParameterSweep/StructuralParameterSweep.csproj" />
  <Project Path="Agent/Agent.csproj" />
  <Project Path="Brokers.IntegrationTests/Brokers.IntegrationTests.csproj" />
  <Project Path="Brokers/Brokers.csproj" />
  <Project Path="Calibration/Calibration.csproj" />
  <Project Path="ChartAnnotator/ChartAnnotator.csproj" />
  <Project Path="DashboardContracts/DashboardContracts.csproj" />
  <Project Path="DBManager.Abstractions/DBManager.Abstractions.csproj" />
  <Project Path="DBManager.Cli/DBManager.Cli.csproj" />
  <Project Path="DBManager.Postgres/DBManager.Postgres.csproj" />
  <Project Path="DBManager.Tests/DBManager.Tests.csproj" />
  <Project Path="DashboardExporter/DashboardExporter.csproj" />
  <Project Path="DashboardLive/DashboardLive.csproj" />
  <Project Path="Networking/Networking.csproj" />
  <Project Path="Notifications.Cli/Notifications.Cli.csproj" />
  <Project Path="PortfolioManager/PortfolioManager.csproj" />
  <Project Path="QuantResearch/QuantResearch.csproj" />
  <Project Path="QuantResearchRunner/QuantResearchRunner.csproj" />
  <Project Path="QuantResearchRunner.Tests/QuantResearchRunner.Tests.csproj" />
  <Project Path="Simulator.AotSmoke/Simulator.AotSmoke.csproj" />
  <Project Path="Simulator.Tests/Simulator.Tests.csproj" />
  <Project Path="Simulator/Simulator.csproj" />
  <Project Path="TradingHub.UnitTests/TradingHub.UnitTests.csproj" />
  <Project Path="TradingCore.Tests/TradingCore.Tests.csproj" />
  <Project Path="ExecutionManager/ExecutionManager.csproj" />
  <Project Path="LiveTrading/LiveTrading.csproj" />
  <Project Path="LiveTrading.Oanda/LiveTrading.Oanda.csproj" />
  <Project Path="LiveTradingHost/LiveTradingHost.csproj" />
  <Project Path="LiveTrading.Tests/LiveTrading.Tests.csproj" />
  <Project Path="RiskManager/RiskManager.csproj" />
  <Project Path="TradeManager/TradeManager.csproj" />
  <Project Path="TrendStatistics.Tests/TrendStatistics.Tests.csproj" />
  <Project Path="TrendStatistics/TrendStatistics.csproj" />
  <Project Path="TradingClassifier/TradingClassifier.csproj" />
  <Project Path="TradingClassifier.ML/TradingClassifier.ML.csproj" />
  <Project Path="TradingClassifierRunner/TradingClassifierRunner.csproj" />
  <Project Path="TradingCore/TradingCore.csproj" />
  <Project Path="TradingJournal/TradingJournal.csproj" />
  <Project Path="TradingObservability.Abstractions/TradingObservability.Abstractions.csproj" />
  <Project Path="TradingHub.Persistence.Postgres/TradingHub.Persistence.Postgres.csproj" />
  <Project Path="TradingHub.AdminCli/TradingHub.AdminCli.csproj" />
  <Project Path="TradingHub.ReportRunner/TradingHub.ReportRunner.csproj" />
</Solution>
