
Microsoft Visual Studio Solution File, Format Version 12.00
# Visual Studio Version 17
VisualStudioVersion = 17.0.31903.59
MinimumVisualStudioVersion = 10.0.40219.1
Project("{2150E333-8FDC-42A3-9474-1A3956D46DE8}") = "src", "src", "{827E0CD3-B72D-47B6-A68D-7590B98EB39B}"
EndProject
Project("{FAE04EC0-301F-11D3-BF4B-00C04F79EFBC}") = "TradingHub.Domain", "src\TradingHub.Domain\TradingHub.Domain.csproj", "{105BB08D-184C-473B-A0E9-9B161C9DB94D}"
EndProject
Project("{FAE04EC0-301F-11D3-BF4B-00C04F79EFBC}") = "TradingHub.Application", "src\TradingHub.Application\TradingHub.Application.csproj", "{47EAA36F-6E12-41DE-809A-CA451A2A35AC}"
EndProject
Project("{FAE04EC0-301F-11D3-BF4B-00C04F79EFBC}") = "TradingHub.Simulation", "src\TradingHub.Simulation\TradingHub.Simulation.csproj", "{99EC0CE0-E4D1-4CC0-BFF9-289607023CD4}"
EndProject
Project("{2150E333-8FDC-42A3-9474-1A3956D46DE8}") = "apps", "apps", "{1787FE1D-075E-9E68-7218-25F1BD1BBEAB}"
EndProject
Project("{FAE04EC0-301F-11D3-BF4B-00C04F79EFBC}") = "TradingHub.Simulation.Runner", "apps\TradingHub.Simulation.Runner\TradingHub.Simulation.Runner.csproj", "{3475836D-7832-4377-817A-5ED6079579F6}"
EndProject
Project("{2150E333-8FDC-42A3-9474-1A3956D46DE8}") = "tests", "tests", "{0AB3BF05-4346-4AA6-1389-037BE0695223}"
EndProject
Project("{FAE04EC0-301F-11D3-BF4B-00C04F79EFBC}") = "TradingHub.Simulation.Tests", "tests\TradingHub.Simulation.Tests\TradingHub.Simulation.Tests.csproj", "{E587FDDF-A617-44FA-AAD1-F2FED2391D9A}"
EndProject
Project("{FAE04EC0-301F-11D3-BF4B-00C04F79EFBC}") = "TradingHub.Brokers", "src\TradingHub.Brokers\TradingHub.Brokers.csproj", "{473C8A08-DDA6-4613-BFD4-D75C86A87E5A}"
EndProject
Project("{FAE04EC0-301F-11D3-BF4B-00C04F79EFBC}") = "TradingHub.Abstractions", "src\TradingHub.Abstractions\TradingHub.Abstractions.csproj", "{8EF6997B-4E0D-45CB-A942-17467A6B4BCF}"
EndProject
Global
	GlobalSection(SolutionConfigurationPlatforms) = preSolution
		Debug|Any CPU = Debug|Any CPU
		Debug|x64 = Debug|x64
		Debug|x86 = Debug|x86
		Release|Any CPU = Release|Any CPU
		Release|x64 = Release|x64
		Release|x86 = Release|x86
	EndGlobalSection
	GlobalSection(ProjectConfigurationPlatforms) = postSolution
		{105BB08D-184C-473B-A0E9-9B161C9DB94D}.Debug|Any CPU.ActiveCfg = Debug|Any CPU
		{105BB08D-184C-473B-A0E9-9B161C9DB94D}.Debug|Any CPU.Build.0 = Debug|Any CPU
		{105BB08D-184C-473B-A0E9-9B161C9DB94D}.Debug|x64.ActiveCfg = Debug|Any CPU
		{105BB08D-184C-473B-A0E9-9B161C9DB94D}.Debug|x64.Build.0 = Debug|Any CPU
		{105BB08D-184C-473B-A0E9-9B161C9DB94D}.Debug|x86.ActiveCfg = Debug|Any CPU
		{105BB08D-184C-473B-A0E9-9B161C9DB94D}.Debug|x86.Build.0 = Debug|Any CPU
		{105BB08D-184C-473B-A0E9-9B161C9DB94D}.Release|Any CPU.ActiveCfg = Release|Any CPU
		{105BB08D-184C-473B-A0E9-9B161C9DB94D}.Release|Any CPU.Build.0 = Release|Any CPU
		{105BB08D-184C-473B-A0E9-9B161C9DB94D}.Release|x64.ActiveCfg = Release|Any CPU
		{105BB08D-184C-473B-A0E9-9B161C9DB94D}.Release|x64.Build.0 = Release|Any CPU
		{105BB08D-184C-473B-A0E9-9B161C9DB94D}.Release|x86.ActiveCfg = Release|Any CPU
		{105BB08D-184C-473B-A0E9-9B161C9DB94D}.Release|x86.Build.0 = Release|Any CPU
		{47EAA36F-6E12-41DE-809A-CA451A2A35AC}.Debug|Any CPU.ActiveCfg = Debug|Any CPU
		{47EAA36F-6E12-41DE-809A-CA451A2A35AC}.Debug|Any CPU.Build.0 = Debug|Any CPU
		{47EAA36F-6E12-41DE-809A-CA451A2A35AC}.Debug|x64.ActiveCfg = Debug|Any CPU
		{47EAA36F-6E12-41DE-809A-CA451A2A35AC}.Debug|x64.Build.0 = Debug|Any CPU
		{47EAA36F-6E12-41DE-809A-CA451A2A35AC}.Debug|x86.ActiveCfg = Debug|Any CPU
		{47EAA36F-6E12-41DE-809A-CA451A2A35AC}.Debug|x86.Build.0 = Debug|Any CPU
		{47EAA36F-6E12-41DE-809A-CA451A2A35AC}.Release|Any CPU.ActiveCfg = Release|Any CPU
		{47EAA36F-6E12-41DE-809A-CA451A2A35AC}.Release|Any CPU.Build.0 = Release|Any CPU
		{47EAA36F-6E12-41DE-809A-CA451A2A35AC}.Release|x64.ActiveCfg = Release|Any CPU
		{47EAA36F-6E12-41DE-809A-CA451A2A35AC}.Release|x64.Build.0 = Release|Any CPU
		{47EAA36F-6E12-41DE-809A-CA451A2A35AC}.Release|x86.ActiveCfg = Release|Any CPU
		{47EAA36F-6E12-41DE-809A-CA451A2A35AC}.Release|x86.Build.0 = Release|Any CPU
		{99EC0CE0-E4D1-4CC0-BFF9-289607023CD4}.Debug|Any CPU.ActiveCfg = Debug|Any CPU
		{99EC0CE0-E4D1-4CC0-BFF9-289607023CD4}.Debug|Any CPU.Build.0 = Debug|Any CPU
		{99EC0CE0-E4D1-4CC0-BFF9-289607023CD4}.Debug|x64.ActiveCfg = Debug|Any CPU
		{99EC0CE0-E4D1-4CC0-BFF9-289607023CD4}.Debug|x64.Build.0 = Debug|Any CPU
		{99EC0CE0-E4D1-4CC0-BFF9-289607023CD4}.Debug|x86.ActiveCfg = Debug|Any CPU
		{99EC0CE0-E4D1-4CC0-BFF9-289607023CD4}.Debug|x86.Build.0 = Debug|Any CPU
		{99EC0CE0-E4D1-4CC0-BFF9-289607023CD4}.Release|Any CPU.ActiveCfg = Release|Any CPU
		{99EC0CE0-E4D1-4CC0-BFF9-289607023CD4}.Release|Any CPU.Build.0 = Release|Any CPU
		{99EC0CE0-E4D1-4CC0-BFF9-289607023CD4}.Release|x64.ActiveCfg = Release|Any CPU
		{99EC0CE0-E4D1-4CC0-BFF9-289607023CD4}.Release|x64.Build.0 = Release|Any CPU
		{99EC0CE0-E4D1-4CC0-BFF9-289607023CD4}.Release|x86.ActiveCfg = Release|Any CPU
		{99EC0CE0-E4D1-4CC0-BFF9-289607023CD4}.Release|x86.Build.0 = Release|Any CPU
		{3475836D-7832-4377-817A-5ED6079579F6}.Debug|Any CPU.ActiveCfg = Debug|Any CPU
		{3475836D-7832-4377-817A-5ED6079579F6}.Debug|Any CPU.Build.0 = Debug|Any CPU
		{3475836D-7832-4377-817A-5ED6079579F6}.Debug|x64.ActiveCfg = Debug|Any CPU
		{3475836D-7832-4377-817A-5ED6079579F6}.Debug|x64.Build.0 = Debug|Any CPU
		{3475836D-7832-4377-817A-5ED6079579F6}.Debug|x86.ActiveCfg = Debug|Any CPU
		{3475836D-7832-4377-817A-5ED6079579F6}.Debug|x86.Build.0 = Debug|Any CPU
		{3475836D-7832-4377-817A-5ED6079579F6}.Release|Any CPU.ActiveCfg = Release|Any CPU
		{3475836D-7832-4377-817A-5ED6079579F6}.Release|Any CPU.Build.0 = Release|Any CPU
		{3475836D-7832-4377-817A-5ED6079579F6}.Release|x64.ActiveCfg = Release|Any CPU
		{3475836D-7832-4377-817A-5ED6079579F6}.Release|x64.Build.0 = Release|Any CPU
		{3475836D-7832-4377-817A-5ED6079579F6}.Release|x86.ActiveCfg = Release|Any CPU
		{3475836D-7832-4377-817A-5ED6079579F6}.Release|x86.Build.0 = Release|Any CPU
		{E587FDDF-A617-44FA-AAD1-F2FED2391D9A}.Debug|Any CPU.ActiveCfg = Debug|Any CPU
		{E587FDDF-A617-44FA-AAD1-F2FED2391D9A}.Debug|Any CPU.Build.0 = Debug|Any CPU
		{E587FDDF-A617-44FA-AAD1-F2FED2391D9A}.Debug|x64.ActiveCfg = Debug|Any CPU
		{E587FDDF-A617-44FA-AAD1-F2FED2391D9A}.Debug|x64.Build.0 = Debug|Any CPU
		{E587FDDF-A617-44FA-AAD1-F2FED2391D9A}.Debug|x86.ActiveCfg = Debug|Any CPU
		{E587FDDF-A617-44FA-AAD1-F2FED2391D9A}.Debug|x86.Build.0 = Debug|Any CPU
		{E587FDDF-A617-44FA-AAD1-F2FED2391D9A}.Release|Any CPU.ActiveCfg = Release|Any CPU
		{E587FDDF-A617-44FA-AAD1-F2FED2391D9A}.Release|Any CPU.Build.0 = Release|Any CPU
		{E587FDDF-A617-44FA-AAD1-F2FED2391D9A}.Release|x64.ActiveCfg = Release|Any CPU
		{E587FDDF-A617-44FA-AAD1-F2FED2391D9A}.Release|x64.Build.0 = Release|Any CPU
		{E587FDDF-A617-44FA-AAD1-F2FED2391D9A}.Release|x86.ActiveCfg = Release|Any CPU
		{E587FDDF-A617-44FA-AAD1-F2FED2391D9A}.Release|x86.Build.0 = Release|Any CPU
		{473C8A08-DDA6-4613-BFD4-D75C86A87E5A}.Debug|Any CPU.ActiveCfg = Debug|Any CPU
		{473C8A08-DDA6-4613-BFD4-D75C86A87E5A}.Debug|Any CPU.Build.0 = Debug|Any CPU
		{473C8A08-DDA6-4613-BFD4-D75C86A87E5A}.Debug|x64.ActiveCfg = Debug|Any CPU
		{473C8A08-DDA6-4613-BFD4-D75C86A87E5A}.Debug|x64.Build.0 = Debug|Any CPU
		{473C8A08-DDA6-4613-BFD4-D75C86A87E5A}.Debug|x86.ActiveCfg = Debug|Any CPU
		{473C8A08-DDA6-4613-BFD4-D75C86A87E5A}.Debug|x86.Build.0 = Debug|Any CPU
		{473C8A08-DDA6-4613-BFD4-D75C86A87E5A}.Release|Any CPU.ActiveCfg = Release|Any CPU
		{473C8A08-DDA6-4613-BFD4-D75C86A87E5A}.Release|Any CPU.Build.0 = Release|Any CPU
		{473C8A08-DDA6-4613-BFD4-D75C86A87E5A}.Release|x64.ActiveCfg = Release|Any CPU
		{473C8A08-DDA6-4613-BFD4-D75C86A87E5A}.Release|x64.Build.0 = Release|Any CPU
		{473C8A08-DDA6-4613-BFD4-D75C86A87E5A}.Release|x86.ActiveCfg = Release|Any CPU
		{473C8A08-DDA6-4613-BFD4-D75C86A87E5A}.Release|x86.Build.0 = Release|Any CPU
		{8EF6997B-4E0D-45CB-A942-17467A6B4BCF}.Debug|Any CPU.ActiveCfg = Debug|Any CPU
		{8EF6997B-4E0D-45CB-A942-17467A6B4BCF}.Debug|Any CPU.Build.0 = Debug|Any CPU
		{8EF6997B-4E0D-45CB-A942-17467A6B4BCF}.Debug|x64.ActiveCfg = Debug|Any CPU
		{8EF6997B-4E0D-45CB-A942-17467A6B4BCF}.Debug|x64.Build.0 = Debug|Any CPU
		{8EF6997B-4E0D-45CB-A942-17467A6B4BCF}.Debug|x86.ActiveCfg = Debug|Any CPU
		{8EF6997B-4E0D-45CB-A942-17467A6B4BCF}.Debug|x86.Build.0 = Debug|Any CPU
		{8EF6997B-4E0D-45CB-A942-17467A6B4BCF}.Release|Any CPU.ActiveCfg = Release|Any CPU
		{8EF6997B-4E0D-45CB-A942-17467A6B4BCF}.Release|Any CPU.Build.0 = Release|Any CPU
		{8EF6997B-4E0D-45CB-A942-17467A6B4BCF}.Release|x64.ActiveCfg = Release|Any CPU
		{8EF6997B-4E0D-45CB-A942-17467A6B4BCF}.Release|x64.Build.0 = Release|Any CPU
		{8EF6997B-4E0D-45CB-A942-17467A6B4BCF}.Release|x86.ActiveCfg = Release|Any CPU
		{8EF6997B-4E0D-45CB-A942-17467A6B4BCF}.Release|x86.Build.0 = Release|Any CPU
	EndGlobalSection
	GlobalSection(SolutionProperties) = preSolution
		HideSolutionNode = FALSE
	EndGlobalSection
	GlobalSection(NestedProjects) = preSolution
		{105BB08D-184C-473B-A0E9-9B161C9DB94D} = {827E0CD3-B72D-47B6-A68D-7590B98EB39B}
		{47EAA36F-6E12-41DE-809A-CA451A2A35AC} = {827E0CD3-B72D-47B6-A68D-7590B98EB39B}
		{99EC0CE0-E4D1-4CC0-BFF9-289607023CD4} = {827E0CD3-B72D-47B6-A68D-7590B98EB39B}
		{3475836D-7832-4377-817A-5ED6079579F6} = {1787FE1D-075E-9E68-7218-25F1BD1BBEAB}
		{E587FDDF-A617-44FA-AAD1-F2FED2391D9A} = {0AB3BF05-4346-4AA6-1389-037BE0695223}
		{473C8A08-DDA6-4613-BFD4-D75C86A87E5A} = {827E0CD3-B72D-47B6-A68D-7590B98EB39B}
		{8EF6997B-4E0D-45CB-A942-17467A6B4BCF} = {827E0CD3-B72D-47B6-A68D-7590B98EB39B}
	EndGlobalSection
EndGlobal
