
Microsoft Visual Studio Solution File, Format Version 12.00
Project("{FAE04EC0-301F-11D3-BF4B-00C04F79EFBC}") = "Utility", "Utility\Utility.csproj", "{FC8F6C18-6E51-470C-BEFE-35A7F6923A5E}"
EndProject
Project("{FAE04EC0-301F-11D3-BF4B-00C04F79EFBC}") = "UnitTests", "UnitTests\UnitTests.csproj", "{95356F47-EAA1-4004-8E00-61E5257375A1}"
EndProject
Project("{FAE04EC0-301F-11D3-BF4B-00C04F79EFBC}") = "Agent", "Agent\Agent.csproj", "{F0FD85C8-8895-4E89-9434-747A05D07AEA}"
EndProject
Project("{FAE04EC0-301F-11D3-BF4B-00C04F79EFBC}") = "API", "API\API.csproj", "{A3A11BC3-5CB7-41D3-A834-CA9217EA5EC2}"
EndProject
Project("{FAE04EC0-301F-11D3-BF4B-00C04F79EFBC}") = "Brokers", "Brokers\Brokers.csproj", "{1CF741BF-F086-4E2C-A89A-8F710373268B}"
EndProject
Project("{FAE04EC0-301F-11D3-BF4B-00C04F79EFBC}") = "Strategy", "Strategy\Strategy.csproj", "{EE12D5B5-9BA3-44D6-A900-D6C341E5C450}"
EndProject
Project("{FAE04EC0-301F-11D3-BF4B-00C04F79EFBC}") = "LedgerCore", "LedgerCore\LedgerCore.csproj", "{5D6DC3DC-6835-49E3-8DA1-58AEB5E15E6E}"
EndProject
Project("{FAE04EC0-301F-11D3-BF4B-00C04F79EFBC}") = "OrderManager", "OrderManager\OrderManager.csproj", "{12BABF51-9AA0-41A3-97DF-0A6392F271E4}"
EndProject
Project("{FAE04EC0-301F-11D3-BF4B-00C04F79EFBC}") = "DBManager", "DBManager\DBManager.csproj", "{DC71D0A8-1FCC-489E-AD76-30ED62B21596}"
EndProject
Project("{FAE04EC0-301F-11D3-BF4B-00C04F79EFBC}") = "TradeManager", "TradeManager\TradeManager.csproj", "{7B3109CB-0ED9-4DC0-B6C1-13A023144FA3}"
EndProject
Project("{FAE04EC0-301F-11D3-BF4B-00C04F79EFBC}") = "TradingCore", "TradingCore\TradingCore.csproj", "{676A84B1-958B-441D-B645-AC4221DE5173}"
EndProject
Global
	GlobalSection(SolutionConfigurationPlatforms) = preSolution
		Debug|Any CPU = Debug|Any CPU
		Release|Any CPU = Release|Any CPU
	EndGlobalSection
	GlobalSection(ProjectConfigurationPlatforms) = postSolution
		{FC8F6C18-6E51-470C-BEFE-35A7F6923A5E}.Debug|Any CPU.ActiveCfg = Debug|Any CPU
		{FC8F6C18-6E51-470C-BEFE-35A7F6923A5E}.Debug|Any CPU.Build.0 = Debug|Any CPU
		{FC8F6C18-6E51-470C-BEFE-35A7F6923A5E}.Release|Any CPU.ActiveCfg = Release|Any CPU
		{FC8F6C18-6E51-470C-BEFE-35A7F6923A5E}.Release|Any CPU.Build.0 = Release|Any CPU
		{95356F47-EAA1-4004-8E00-61E5257375A1}.Debug|Any CPU.ActiveCfg = Debug|Any CPU
		{95356F47-EAA1-4004-8E00-61E5257375A1}.Debug|Any CPU.Build.0 = Debug|Any CPU
		{95356F47-EAA1-4004-8E00-61E5257375A1}.Release|Any CPU.ActiveCfg = Release|Any CPU
		{95356F47-EAA1-4004-8E00-61E5257375A1}.Release|Any CPU.Build.0 = Release|Any CPU
		{F0FD85C8-8895-4E89-9434-747A05D07AEA}.Debug|Any CPU.ActiveCfg = Debug|Any CPU
		{F0FD85C8-8895-4E89-9434-747A05D07AEA}.Debug|Any CPU.Build.0 = Debug|Any CPU
		{F0FD85C8-8895-4E89-9434-747A05D07AEA}.Release|Any CPU.ActiveCfg = Release|Any CPU
		{F0FD85C8-8895-4E89-9434-747A05D07AEA}.Release|Any CPU.Build.0 = Release|Any CPU
		{A3A11BC3-5CB7-41D3-A834-CA9217EA5EC2}.Debug|Any CPU.ActiveCfg = Debug|Any CPU
		{A3A11BC3-5CB7-41D3-A834-CA9217EA5EC2}.Debug|Any CPU.Build.0 = Debug|Any CPU
		{A3A11BC3-5CB7-41D3-A834-CA9217EA5EC2}.Release|Any CPU.ActiveCfg = Release|Any CPU
		{A3A11BC3-5CB7-41D3-A834-CA9217EA5EC2}.Release|Any CPU.Build.0 = Release|Any CPU
		{1CF741BF-F086-4E2C-A89A-8F710373268B}.Debug|Any CPU.ActiveCfg = Debug|Any CPU
		{1CF741BF-F086-4E2C-A89A-8F710373268B}.Debug|Any CPU.Build.0 = Debug|Any CPU
		{1CF741BF-F086-4E2C-A89A-8F710373268B}.Release|Any CPU.ActiveCfg = Release|Any CPU
		{1CF741BF-F086-4E2C-A89A-8F710373268B}.Release|Any CPU.Build.0 = Release|Any CPU
		{EE12D5B5-9BA3-44D6-A900-D6C341E5C450}.Debug|Any CPU.ActiveCfg = Debug|Any CPU
		{EE12D5B5-9BA3-44D6-A900-D6C341E5C450}.Debug|Any CPU.Build.0 = Debug|Any CPU
		{EE12D5B5-9BA3-44D6-A900-D6C341E5C450}.Release|Any CPU.ActiveCfg = Release|Any CPU
		{EE12D5B5-9BA3-44D6-A900-D6C341E5C450}.Release|Any CPU.Build.0 = Release|Any CPU
		{5D6DC3DC-6835-49E3-8DA1-58AEB5E15E6E}.Debug|Any CPU.ActiveCfg = Debug|Any CPU
		{5D6DC3DC-6835-49E3-8DA1-58AEB5E15E6E}.Debug|Any CPU.Build.0 = Debug|Any CPU
		{5D6DC3DC-6835-49E3-8DA1-58AEB5E15E6E}.Release|Any CPU.ActiveCfg = Release|Any CPU
		{5D6DC3DC-6835-49E3-8DA1-58AEB5E15E6E}.Release|Any CPU.Build.0 = Release|Any CPU
		{12BABF51-9AA0-41A3-97DF-0A6392F271E4}.Debug|Any CPU.ActiveCfg = Debug|Any CPU
		{12BABF51-9AA0-41A3-97DF-0A6392F271E4}.Debug|Any CPU.Build.0 = Debug|Any CPU
		{12BABF51-9AA0-41A3-97DF-0A6392F271E4}.Release|Any CPU.ActiveCfg = Release|Any CPU
		{12BABF51-9AA0-41A3-97DF-0A6392F271E4}.Release|Any CPU.Build.0 = Release|Any CPU
		{DC71D0A8-1FCC-489E-AD76-30ED62B21596}.Debug|Any CPU.ActiveCfg = Debug|Any CPU
		{DC71D0A8-1FCC-489E-AD76-30ED62B21596}.Debug|Any CPU.Build.0 = Debug|Any CPU
		{DC71D0A8-1FCC-489E-AD76-30ED62B21596}.Release|Any CPU.ActiveCfg = Release|Any CPU
		{DC71D0A8-1FCC-489E-AD76-30ED62B21596}.Release|Any CPU.Build.0 = Release|Any CPU
		{7B3109CB-0ED9-4DC0-B6C1-13A023144FA3}.Debug|Any CPU.ActiveCfg = Debug|Any CPU
		{7B3109CB-0ED9-4DC0-B6C1-13A023144FA3}.Debug|Any CPU.Build.0 = Debug|Any CPU
		{7B3109CB-0ED9-4DC0-B6C1-13A023144FA3}.Release|Any CPU.ActiveCfg = Release|Any CPU
		{7B3109CB-0ED9-4DC0-B6C1-13A023144FA3}.Release|Any CPU.Build.0 = Release|Any CPU
		{676A84B1-958B-441D-B645-AC4221DE5173}.Debug|Any CPU.ActiveCfg = Debug|Any CPU
		{676A84B1-958B-441D-B645-AC4221DE5173}.Debug|Any CPU.Build.0 = Debug|Any CPU
		{676A84B1-958B-441D-B645-AC4221DE5173}.Release|Any CPU.ActiveCfg = Release|Any CPU
		{676A84B1-958B-441D-B645-AC4221DE5173}.Release|Any CPU.Build.0 = Release|Any CPU
	EndGlobalSection
EndGlobal
